
Microsoft Visual Studio Solution File, Format Version 12.00
Project("{FAE04EC0-301F-11D3-BF4B-00C04F79EFBC}") = "Cross FIS API 1.1", "Cross FIS API 1.1\Cross FIS API 1.1.csproj", "{19D904C8-F2B0-4942-9C35-3643CD1D08DD}"
EndProject
Global
	GlobalSection(SolutionConfigurationPlatforms) = preSolution
		Debug|Any CPU = Debug|Any CPU
		Release|Any CPU = Release|Any CPU
	EndGlobalSection
	GlobalSection(ProjectConfigurationPlatforms) = postSolution
		{19D904C8-F2B0-4942-9C35-3643CD1D08DD}.Debug|Any CPU.ActiveCfg = Debug|Any CPU
		{19D904C8-F2B0-4942-9C35-3643CD1D08DD}.Debug|Any CPU.Build.0 = Debug|Any CPU
		{19D904C8-F2B0-4942-9C35-3643CD1D08DD}.Release|Any CPU.ActiveCfg = Release|Any CPU
		{19D904C8-F2B0-4942-9C35-3643CD1D08DD}.Release|Any CPU.Build.0 = Release|Any CPU
	EndGlobalSection
EndGlobal
